Microsoft Visual Studio Solution File, Format Version 9.00
# Visual Studio 2005
Project("{8BC9CEB8-8B4A-11D0-8D11-00A0C91BC942}") = "ICLUtils", "ICLUtils.vcproj", "{AC1C69BD-764F-4B72-8DA1-AD96BF63FB05}"
EndProject
Project("{8BC9CEB8-8B4A-11D0-8D11-00A0C91BC942}") = "ICLCore", "ICLCore.vcproj", "{24E8DC11-9D8C-4EB6-8BED-B2D0691E98FB}"
EndProject
Project("{8BC9CEB8-8B4A-11D0-8D11-00A0C91BC942}") = "ICLCC", "ICLCC.vcproj", "{E5CD0780-92E5-4CC4-B272-AD6074948201}"
EndProject
Project("{8BC9CEB8-8B4A-11D0-8D11-00A0C91BC942}") = "ICLBlob", "ICLBlob.vcproj", "{45566E9F-3F46-4ACB-8AD3-F7AA34938967}"
EndProject
Project("{8BC9CEB8-8B4A-11D0-8D11-00A0C91BC942}") = "ICLFilter", "ICLFilter.vcproj", "{AE18BD34-11D9-45C6-853B-BA12D4F73750}"
EndProject
Project("{8BC9CEB8-8B4A-11D0-8D11-00A0C91BC942}") = "ICLIO", "ICLIO.vcproj", "{E07A824D-83CF-4823-87EE-023E96CFA976}"
EndProject
Project("{8BC9CEB8-8B4A-11D0-8D11-00A0C91BC942}") = "ICLMEx", "ICLMEx.vcproj", "{2BE818CD-C3DC-4D0A-90CD-A5C766872D1D}"
EndProject
Project("{8BC9CEB8-8B4A-11D0-8D11-00A0C91BC942}") = "ICLQt", "ICLQt.vcproj", "{335AAF76-F024-4DBC-A549-6C69D1848E6F}"
EndProject
Project("{8BC9CEB8-8B4A-11D0-8D11-00A0C91BC942}") = "ICLNN", "ICLNN.vcproj", "{0A67008A-671C-40F5-B39E-45D470813EED}"
EndProject
Global
	GlobalSection(SolutionConfigurationPlatforms) = preSolution
		Debug|Win32 = Debug|Win32
		Release|Win32 = Release|Win32
	EndGlobalSection
	GlobalSection(ProjectConfigurationPlatforms) = postSolution
		{AC1C69BD-764F-4B72-8DA1-AD96BF63FB05}.Debug|Win32.ActiveCfg = Debug|Win32
		{AC1C69BD-764F-4B72-8DA1-AD96BF63FB05}.Debug|Win32.Build.0 = Debug|Win32
		{AC1C69BD-764F-4B72-8DA1-AD96BF63FB05}.Release|Win32.ActiveCfg = Release|Win32
		{AC1C69BD-764F-4B72-8DA1-AD96BF63FB05}.Release|Win32.Build.0 = Release|Win32
		{24E8DC11-9D8C-4EB6-8BED-B2D0691E98FB}.Debug|Win32.ActiveCfg = Debug|Win32
		{24E8DC11-9D8C-4EB6-8BED-B2D0691E98FB}.Debug|Win32.Build.0 = Debug|Win32
		{24E8DC11-9D8C-4EB6-8BED-B2D0691E98FB}.Release|Win32.ActiveCfg = Release|Win32
		{24E8DC11-9D8C-4EB6-8BED-B2D0691E98FB}.Release|Win32.Build.0 = Release|Win32
		{E5CD0780-92E5-4CC4-B272-AD6074948201}.Debug|Win32.ActiveCfg = Debug|Win32
		{E5CD0780-92E5-4CC4-B272-AD6074948201}.Debug|Win32.Build.0 = Debug|Win32
		{E5CD0780-92E5-4CC4-B272-AD6074948201}.Release|Win32.ActiveCfg = Release|Win32
		{E5CD0780-92E5-4CC4-B272-AD6074948201}.Release|Win32.Build.0 = Release|Win32
		{45566E9F-3F46-4ACB-8AD3-F7AA34938967}.Debug|Win32.ActiveCfg = Debug|Win32
		{45566E9F-3F46-4ACB-8AD3-F7AA34938967}.Debug|Win32.Build.0 = Debug|Win32
		{45566E9F-3F46-4ACB-8AD3-F7AA34938967}.Release|Win32.ActiveCfg = Release|Win32
		{45566E9F-3F46-4ACB-8AD3-F7AA34938967}.Release|Win32.Build.0 = Release|Win32
		{AE18BD34-11D9-45C6-853B-BA12D4F73750}.Debug|Win32.ActiveCfg = Debug|Win32
		{AE18BD34-11D9-45C6-853B-BA12D4F73750}.Debug|Win32.Build.0 = Debug|Win32
		{AE18BD34-11D9-45C6-853B-BA12D4F73750}.Release|Win32.ActiveCfg = Release|Win32
		{AE18BD34-11D9-45C6-853B-BA12D4F73750}.Release|Win32.Build.0 = Release|Win32
		{E07A824D-83CF-4823-87EE-023E96CFA976}.Debug|Win32.ActiveCfg = Debug|Win32
		{E07A824D-83CF-4823-87EE-023E96CFA976}.Debug|Win32.Build.0 = Debug|Win32
		{E07A824D-83CF-4823-87EE-023E96CFA976}.Release|Win32.ActiveCfg = Release|Win32
		{E07A824D-83CF-4823-87EE-023E96CFA976}.Release|Win32.Build.0 = Release|Win32
		{2BE818CD-C3DC-4D0A-90CD-A5C766872D1D}.Debug|Win32.ActiveCfg = Debug|Win32
		{2BE818CD-C3DC-4D0A-90CD-A5C766872D1D}.Debug|Win32.Build.0 = Debug|Win32
		{2BE818CD-C3DC-4D0A-90CD-A5C766872D1D}.Release|Win32.ActiveCfg = Release|Win32
		{2BE818CD-C3DC-4D0A-90CD-A5C766872D1D}.Release|Win32.Build.0 = Release|Win32
		{335AAF76-F024-4DBC-A549-6C69D1848E6F}.Debug|Win32.ActiveCfg = Debug|Win32
		{335AAF76-F024-4DBC-A549-6C69D1848E6F}.Debug|Win32.Build.0 = Debug|Win32
		{335AAF76-F024-4DBC-A549-6C69D1848E6F}.Release|Win32.ActiveCfg = Release|Win32
		{335AAF76-F024-4DBC-A549-6C69D1848E6F}.Release|Win32.Build.0 = Release|Win32
		{0A67008A-671C-40F5-B39E-45D470813EED}.Debug|Win32.ActiveCfg = Debug|Win32
		{0A67008A-671C-40F5-B39E-45D470813EED}.Debug|Win32.Build.0 = Debug|Win32
		{0A67008A-671C-40F5-B39E-45D470813EED}.Release|Win32.ActiveCfg = Release|Win32
		{0A67008A-671C-40F5-B39E-45D470813EED}.Release|Win32.Build.0 = Release|Win32
	EndGlobalSection
	GlobalSection(SolutionProperties) = preSolution
		HideSolutionNode = FALSE
	EndGlobalSection
EndGlobal
